
Microsoft Visual Studio Solution File, Format Version 12.00
# Visual Studio Version 17
VisualStudioVersion = 17.6.33712.159
MinimumVisualStudioVersion = 10.0.40219.1
Project("{9A19103F-16F7-4668-BE54-9A1E7A4F7556}") = "SqlServerCache", "SqlServerCache\SqlServerCache.csproj", "{69D92758-62DD-47BF-8267-A34E014DDD84}"
EndProject
Project("{FAE04EC0-301F-11D3-BF4B-00C04F79EFBC}") = "SqlServerCacheBenchmark", "SqlServerCacheBenchmark\SqlServerCacheBenchmark.csproj", "{DB2C0A60-9731-4A82-ABD3-196F41B608F1}"
EndProject
Global
	GlobalSection(SolutionConfigurationPlatforms) = preSolution
		Debug|Any CPU = Debug|Any CPU
		Release|Any CPU = Release|Any CPU
	EndGlobalSection
	GlobalSection(ProjectConfigurationPlatforms) = postSolution
		{69D92758-62DD-47BF-8267-A34E014DDD84}.Debug|Any CPU.ActiveCfg = Debug|Any CPU
		{69D92758-62DD-47BF-8267-A34E014DDD84}.Debug|Any CPU.Build.0 = Debug|Any CPU
		{69D92758-62DD-47BF-8267-A34E014DDD84}.Release|Any CPU.ActiveCfg = Release|Any CPU
		{69D92758-62DD-47BF-8267-A34E014DDD84}.Release|Any CPU.Build.0 = Release|Any CPU
		{DB2C0A60-9731-4A82-ABD3-196F41B608F1}.Debug|Any CPU.ActiveCfg = Debug|Any CPU
		{DB2C0A60-9731-4A82-ABD3-196F41B608F1}.Debug|Any CPU.Build.0 = Debug|Any CPU
		{DB2C0A60-9731-4A82-ABD3-196F41B608F1}.Release|Any CPU.ActiveCfg = Release|Any CPU
		{DB2C0A60-9731-4A82-ABD3-196F41B608F1}.Release|Any CPU.Build.0 = Release|Any CPU
	EndGlobalSection
	GlobalSection(SolutionProperties) = preSolution
		HideSolutionNode = FALSE
	EndGlobalSection
	GlobalSection(ExtensibilityGlobals) = postSolution
		SolutionGuid = {94B4AB1B-52FF-4C64-8C76-E9FED252E9E6}
	EndGlobalSection
EndGlobal
